
Microsoft Visual Studio Solution File, Format Version 12.00
# Visual Studio Version 16
VisualStudioVersion = 16.0.30011.22
MinimumVisualStudioVersion = 10.0.40219.1
Project("{FAE04EC0-301F-11D3-BF4B-00C04F79EFBC}") = "PrintArrayValues", "PrintArrayValues\PrintArrayValues.csproj", "{B56AD58C-9D2F-4646-8F95-51807B87A9C7}"
EndProject
Global
	GlobalSection(SolutionConfigurationPlatforms) = preSolution
		Debug|Any CPU = Debug|Any CPU
		Release|Any CPU = Release|Any CPU
	EndGlobalSection
	GlobalSection(ProjectConfigurationPlatforms) = postSolution
		{B56AD58C-9D2F-4646-8F95-51807B87A9C7}.Debug|Any CPU.ActiveCfg = Debug|Any CPU
		{B56AD58C-9D2F-4646-8F95-51807B87A9C7}.Debug|Any CPU.Build.0 = Debug|Any CPU
		{B56AD58C-9D2F-4646-8F95-51807B87A9C7}.Release|Any CPU.ActiveCfg = Release|Any CPU
		{B56AD58C-9D2F-4646-8F95-51807B87A9C7}.Release|Any CPU.Build.0 = Release|Any CPU
	EndGlobalSection
	GlobalSection(SolutionProperties) = preSolution
		HideSolutionNode = FALSE
	EndGlobalSection
	GlobalSection(ExtensibilityGlobals) = postSolution
		SolutionGuid = {6E51FF58-3617-4332-B481-893B8C251751}
	EndGlobalSection
EndGlobal
