
Microsoft Visual Studio Solution File, Format Version 12.00
# Visual Studio Version 16
VisualStudioVersion = 16.0.30011.22
MinimumVisualStudioVersion = 10.0.40219.1
Project("{FAE04EC0-301F-11D3-BF4B-00C04F79EFBC}") = "PrintMaxMinAverageArrayValues", "PrintMaxMinAverageArrayValues\PrintMaxMinAverageArrayValues.csproj", "{A69B52B8-A8D4-4545-9901-FB099F6F96CA}"
EndProject
Global
	GlobalSection(SolutionConfigurationPlatforms) = preSolution
		Debug|Any CPU = Debug|Any CPU
		Release|Any CPU = Release|Any CPU
	EndGlobalSection
	GlobalSection(ProjectConfigurationPlatforms) = postSolution
		{A69B52B8-A8D4-4545-9901-FB099F6F96CA}.Debug|Any CPU.ActiveCfg = Debug|Any CPU
		{A69B52B8-A8D4-4545-9901-FB099F6F96CA}.Debug|Any CPU.Build.0 = Debug|Any CPU
		{A69B52B8-A8D4-4545-9901-FB099F6F96CA}.Release|Any CPU.ActiveCfg = Release|Any CPU
		{A69B52B8-A8D4-4545-9901-FB099F6F96CA}.Release|Any CPU.Build.0 = Release|Any CPU
	EndGlobalSection
	GlobalSection(SolutionProperties) = preSolution
		HideSolutionNode = FALSE
	EndGlobalSection
	GlobalSection(ExtensibilityGlobals) = postSolution
		SolutionGuid = {027C7E01-E0CE-4987-83D6-D021F41F671A}
	EndGlobalSection
EndGlobal
