
Microsoft Visual Studio Solution File, Format Version 12.00
# Visual Studio Version 16
VisualStudioVersion = 16.0.30011.22
MinimumVisualStudioVersion = 10.0.40219.1
Project("{FAE04EC0-301F-11D3-BF4B-00C04F79EFBC}") = "Printalltheintegersfrom1to255", "..\Printalltheintegersfrom1to255\Printalltheintegersfrom1to255\Printalltheintegersfrom1to255.csproj", "{D1644ECB-B95B-4AE4-A3B4-FA57C1D74F35}"
EndProject
Global
	GlobalSection(SolutionConfigurationPlatforms) = preSolution
		Debug|Any CPU = Debug|Any CPU
		Release|Any CPU = Release|Any CPU
	EndGlobalSection
	GlobalSection(ProjectConfigurationPlatforms) = postSolution
		{D1644ECB-B95B-4AE4-A3B4-FA57C1D74F35}.Debug|Any CPU.ActiveCfg = Debug|Any CPU
		{D1644ECB-B95B-4AE4-A3B4-FA57C1D74F35}.Debug|Any CPU.Build.0 = Debug|Any CPU
		{D1644ECB-B95B-4AE4-A3B4-FA57C1D74F35}.Release|Any CPU.ActiveCfg = Release|Any CPU
		{D1644ECB-B95B-4AE4-A3B4-FA57C1D74F35}.Release|Any CPU.Build.0 = Release|Any CPU
	EndGlobalSection
	GlobalSection(SolutionProperties) = preSolution
		HideSolutionNode = FALSE
	EndGlobalSection
	GlobalSection(ExtensibilityGlobals) = postSolution
		SolutionGuid = {E17D28F5-A889-49B8-BEE4-3B143AB09D90}
	EndGlobalSection
EndGlobal
